// !$*UTF8*$!
{
	archiveVersion = 1;
	classes = {
	};
	objectVersion = 46;
	objects = {

/* Begin PBXBuildFile section */
		ED19C93C1C27D94400498C02 /* main.m in Sources */ = {isa = PBXBuildFile; fileRef = ED19C93B1C27D94400498C02 /* main.m */; };
		ED19C93F1C27D94400498C02 /* AppDelegate.m in Sources */ = {isa = PBXBuildFile; fileRef = ED19C93E1C27D94400498C02 /* AppDelegate.m */; };
		ED19C9421C27D94400498C02 /* FirstViewController.m in Sources */ = {isa = PBXBuildFile; fileRef = ED19C9411C27D94400498C02 /* FirstViewController.m */; };
		ED19C9481C27D94400498C02 /* Main.storyboard in Resources */ = {isa = PBXBuildFile; fileRef = ED19C9461C27D94400498C02 /* Main.storyboard */; };
		ED19C94A1C27D94400498C02 /* Assets.xcassets in Resources */ = {isa = PBXBuildFile; fileRef = ED19C9491C27D94400498C02 /* Assets.xcassets */; };
		ED19C94D1C27D94400498C02 /* LaunchScreen.storyboard in Resources */ = {isa = PBXBuildFile; fileRef = ED19C94B1C27D94400498C02 /* LaunchScreen.storyboard */; };
		ED19C95A1C27D9DD00498C02 /* UIView+TCRoundedCorner.m in Sources */ = {isa = PBXBuildFile; fileRef = ED19C9591C27D9DD00498C02 /* UIView+TCRoundedCorner.m */; };
/* End PBXBuildFile section */

/* Begin PBXFileReference section */
		ED19C9371C27D94400498C02 /* TCRoundedCornerExample.app */ = {isa = PBXFileReference; explicitFileType = wrapper.application; includeInIndex = 0; path = TCRoundedCornerExample.app; sourceTree = BUILT_PRODUCTS_DIR; };
		ED19C93B1C27D94400498C02 /* main.m */ = {isa = PBXFileReference; lastKnownFileType = sourcecode.c.objc; path = main.m; sourceTree = "<group>"; };
		ED19C93D1C27D94400498C02 /* AppDelegate.h */ = {isa = PBXFileReference; lastKnownFileType = sourcecode.c.h; path = AppDelegate.h; sourceTree = "<group>"; };
		ED19C93E1C27D94400498C02 /* AppDelegate.m */ = {isa = PBXFileReference; lastKnownFileType = sourcecode.c.objc; path = AppDelegate.m; sourceTree = "<group>"; };
		ED19C9401C27D94400498C02 /* FirstViewController.h */ = {isa = PBXFileReference; lastKnownFileType = sourcecode.c.h; path = FirstViewController.h; sourceTree = "<group>"; };
		ED19C9411C27D94400498C02 /* FirstViewController.m */ = {isa = PBXFileReference; lastKnownFileType = sourcecode.c.objc; path = FirstViewController.m; sourceTree = "<group>"; };
		ED19C9471C27D94400498C02 /* Base */ = {isa = PBXFileReference; lastKnownFileType = file.storyboard; name = Base; path = Base.lproj/Main.storyboard; sourceTree = "<group>"; };
		ED19C9491C27D94400498C02 /* Assets.xcassets */ = {isa = PBXFileReference; lastKnownFileType = folder.assetcatalog; path = Assets.xcassets; sourceTree = "<group>"; };
		ED19C94C1C27D94400498C02 /* Base */ = {isa = PBXFileReference; lastKnownFileType = file.storyboard; name = Base; path = Base.lproj/LaunchScreen.storyboard; sourceTree = "<group>"; };
		ED19C94E1C27D94400498C02 /* Info.plist */ = {isa = PBXFileReference; lastKnownFileType = text.plist.xml; path = Info.plist; sourceTree = "<group>"; };
		ED19C9581C27D9DD00498C02 /* UIView+TCRoundedCorner.h */ = {isa = PBXFileReference; fileEncoding = 4; lastKnownFileType = sourcecode.c.h; path = "UIView+TCRoundedCorner.h"; sourceTree = "<group>"; };
		ED19C9591C27D9DD00498C02 /* UIView+TCRoundedCorner.m */ = {isa = PBXFileReference; fileEncoding = 4; lastKnownFileType = sourcecode.c.objc; path = "UIView+TCRoundedCorner.m"; sourceTree = "<group>"; };
/* End PBXFileReference section */

/* Begin PBXFrameworksBuildPhase section */
		ED19C9341C27D94400498C02 /* Frameworks */ = {
			isa = PBXFrameworksBuildPhase;
			buildActionMask = 2147483647;
			files = (
			);
			runOnlyForDeploymentPostprocessing = 0;
		};
/* End PBXFrameworksBuildPhase section */

/* Begin PBXGroup section */
		ED19C92E1C27D94400498C02 = {
			isa = PBXGroup;
			children = (
				ED19C9391C27D94400498C02 /* TCRoundedCornerExample */,
				ED19C9381C27D94400498C02 /* Products */,
			);
			sourceTree = "<group>";
		};
		ED19C9381C27D94400498C02 /* Products */ = {
			isa = PBXGroup;
			children = (
				ED19C9371C27D94400498C02 /* TCRoundedCornerExample.app */,
			);
			name = Products;
			sourceTree = "<group>";
		};
		ED19C9391C27D94400498C02 /* TCRoundedCornerExample */ = {
			isa = PBXGroup;
			children = (
				ED19C9541C27D99500498C02 /* TCRoundedCorner */,
				ED19C93D1C27D94400498C02 /* AppDelegate.h */,
				ED19C93E1C27D94400498C02 /* AppDelegate.m */,
				ED19C9401C27D94400498C02 /* FirstViewController.h */,
				ED19C9411C27D94400498C02 /* FirstViewController.m */,
				ED19C9461C27D94400498C02 /* Main.storyboard */,
				ED19C9491C27D94400498C02 /* Assets.xcassets */,
				ED19C94B1C27D94400498C02 /* LaunchScreen.storyboard */,
				ED19C94E1C27D94400498C02 /* Info.plist */,
				ED19C93A1C27D94400498C02 /* Supporting Files */,
			);
			path = TCRoundedCornerExample;
			sourceTree = "<group>";
		};
		ED19C93A1C27D94400498C02 /* Supporting Files */ = {
			isa = PBXGroup;
			children = (
				ED19C93B1C27D94400498C02 /* main.m */,
			);
			name = "Supporting Files";
			sourceTree = "<group>";
		};
		ED19C9541C27D99500498C02 /* TCRoundedCorner */ = {
			isa = PBXGroup;
			children = (
				ED19C9581C27D9DD00498C02 /* UIView+TCRoundedCorner.h */,
				ED19C9591C27D9DD00498C02 /* UIView+TCRoundedCorner.m */,
			);
			path = TCRoundedCorner;
			sourceTree = "<group>";
		};
/* End PBXGroup section */

/* Begin PBXNativeTarget section */
		ED19C9361C27D94400498C02 /* TCRoundedCornerExample */ = {
			isa = PBXNativeTarget;
			buildConfigurationList = ED19C9511C27D94400498C02 /* Build configuration list for PBXNativeTarget "TCRoundedCornerExample" */;
			buildPhases = (
				ED19C9331C27D94400498C02 /* Sources */,
				ED19C9341C27D94400498C02 /* Frameworks */,
				ED19C9351C27D94400498C02 /* Resources */,
			);
			buildRules = (
			);
			dependencies = (
			);
			name = TCRoundedCornerExample;
			productName = TCRoundedCornerExample;
			productReference = ED19C9371C27D94400498C02 /* TCRoundedCornerExample.app */;
			productType = "com.apple.product-type.application";
		};
/* End PBXNativeTarget section */

/* Begin PBXProject section */
		ED19C92F1C27D94400498C02 /* Project object */ = {
			isa = PBXProject;
			attributes = {
				LastUpgradeCheck = 0720;
				ORGANIZATIONNAME = TravelChu;
				TargetAttributes = {
					ED19C9361C27D94400498C02 = {
						CreatedOnToolsVersion = 7.2;
					};
				};
			};
			buildConfigurationList = ED19C9321C27D94400498C02 /* Build configuration list for PBXProject "TCRoundedCornerExample" */;
			compatibilityVersion = "Xcode 3.2";
			developmentRegion = English;
			hasScannedForEncodings = 0;
			knownRegions = (
				en,
				Base,
			);
			mainGroup = ED19C92E1C27D94400498C02;
			productRefGroup = ED19C9381C27D94400498C02 /* Products */;
			projectDirPath = "";
			projectRoot = "";
			targets = (
				ED19C9361C27D94400498C02 /* TCRoundedCornerExample */,
			);
		};
/* End PBXProject section */

/* Begin PBXResourcesBuildPhase section */
		ED19C9351C27D94400498C02 /* Resources */ = {
			isa = PBXResourcesBuildPhase;
			buildActionMask = 2147483647;
			files = (
				ED19C94D1C27D94400498C02 /* LaunchScreen.storyboard in Resources */,
				ED19C94A1C27D94400498C02 /* Assets.xcassets in Resources */,
				ED19C9481C27D94400498C02 /* Main.storyboard in Resources */,
			);
			runOnlyForDeploymentPostprocessing = 0;
		};
/* End PBXResourcesBuildPhase section */

/* Begin PBXSourcesBuildPhase section */
		ED19C9331C27D94400498C02 /* Sources */ = {
			isa = PBXSourcesBuildPhase;
			buildActionMask = 2147483647;
			files = (
				ED19C93F1C27D94400498C02 /* AppDelegate.m in Sources */,
				ED19C9421C27D94400498C02 /* FirstViewController.m in Sources */,
				ED19C95A1C27D9DD00498C02 /* UIView+TCRoundedCorner.m in Sources */,
				ED19C93C1C27D94400498C02 /* main.m in Sources */,
			);
			runOnlyForDeploymentPostprocessing = 0;
		};
/* End PBXSourcesBuildPhase section */

/* Begin PBXVariantGroup section */
		ED19C9461C27D94400498C02 /* Main.storyboard */ = {
			isa = PBXVariantGroup;
			children = (
				ED19C9471C27D94400498C02 /* Base */,
			);
			name = Main.storyboard;
			sourceTree = "<group>";
		};
		ED19C94B1C27D94400498C02 /* LaunchScreen.storyboard */ = {
			isa = PBXVariantGroup;
			children = (
				ED19C94C1C27D94400498C02 /* Base */,
			);
			name = LaunchScreen.storyboard;
			sourceTree = "<group>";
		};
/* End PBXVariantGroup section */

/* Begin XCBuildConfiguration section */
		ED19C94F1C27D94400498C02 /* Debug */ = {
			isa = XCBuildConfiguration;
			buildSettings = {
				ALWAYS_SEARCH_USER_PATHS = NO;
				CLANG_CXX_LANGUAGE_STANDARD = "gnu++0x";
				CLANG_CXX_LIBRARY = "libc++";
				CLANG_ENABLE_MODULES = YES;
				CLANG_ENABLE_OBJC_ARC = YES;
				CLANG_WARN_BOOL_CONVERSION = YES;
				CLANG_WARN_CONSTANT_CONVERSION = YES;
				CLANG_WARN_DIRECT_OBJC_ISA_USAGE = YES_ERROR;
				CLANG_WARN_EMPTY_BODY = YES;
				CLANG_WARN_ENUM_CONVERSION = YES;
				CLANG_WARN_INT_CONVERSION = YES;
				CLANG_WARN_OBJC_ROOT_CLASS = YES_ERROR;
				CLANG_WARN_UNREACHABLE_CODE = YES;
				CLANG_WARN__DUPLICATE_METHOD_MATCH = YES;
				"CODE_SIGN_IDENTITY[sdk=iphoneos*]" = "iPhone Developer";
				COPY_PHASE_STRIP = NO;
				DEBUG_INFORMATION_FORMAT = dwarf;
				ENABLE_STRICT_OBJC_MSGSEND = YES;
				ENABLE_TESTABILITY = YES;
				GCC_C_LANGUAGE_STANDARD = gnu99;
				GCC_DYNAMIC_NO_PIC = NO;
				GCC_NO_COMMON_BLOCKS = YES;
				GCC_OPTIMIZATION_LEVEL = 0;
				GCC_PREPROCESSOR_DEFINITIONS = (
					"DEBUG=1",
					"$(inherited)",
				);
				GCC_WARN_64_TO_32_BIT_CONVERSION = YES;
				GCC_WARN_ABOUT_RETURN_TYPE = YES_ERROR;
				GCC_WARN_UNDECLARED_SELECTOR = YES;
				GCC_WARN_UNINITIALIZED_AUTOS = YES_AGGRESSIVE;
				GCC_WARN_UNUSED_FUNCTION = YES;
				GCC_WARN_UNUSED_VARIABLE = YES;
				IPHONEOS_DEPLOYMENT_TARGET = 9.2;
				MTL_ENABLE_DEBUG_INFO = YES;
				ONLY_ACTIVE_ARCH = YES;
				SDKROOT = iphoneos;
				TARGETED_DEVICE_FAMILY = "1,2";
			};
			name = Debug;
		};
		ED19C9501C27D94400498C02 /* Release */ = {
			isa = XCBuildConfiguration;
			buildSettings = {
				ALWAYS_SEARCH_USER_PATHS = NO;
				CLANG_CXX_LANGUAGE_STANDARD = "gnu++0x";
				CLANG_CXX_LIBRARY = "libc++";
				CLANG_ENABLE_MODULES = YES;
				CLANG_ENABLE_OBJC_ARC = YES;
				CLANG_WARN_BOOL_CONVERSION = YES;
				CLANG_WARN_CONSTANT_CONVERSION = YES;
				CLANG_WARN_DIRECT_OBJC_ISA_USAGE = YES_ERROR;
				CLANG_WARN_EMPTY_BODY = YES;
				CLANG_WARN_ENUM_CONVERSION = YES;
				CLANG_WARN_INT_CONVERSION = YES;
				CLANG_WARN_OBJC_ROOT_CLASS = YES_ERROR;
				CLANG_WARN_UNREACHABLE_CODE = YES;
				CLANG_WARN__DUPLICATE_METHOD_MATCH = YES;
				"CODE_SIGN_IDENTITY[sdk=iphoneos*]" = "iPhone Developer";
				COPY_PHASE_STRIP = NO;
				DEBUG_INFORMATION_FORMAT = "dwarf-with-dsym";
				ENABLE_NS_ASSERTIONS = NO;
				ENABLE_STRICT_OBJC_MSGSEND = YES;
				GCC_C_LANGUAGE_STANDARD = gnu99;
				GCC_NO_COMMON_BLOCKS = YES;
				GCC_WARN_64_TO_32_BIT_CONVERSION = YES;
				GCC_WARN_ABOUT_RETURN_TYPE = YES_ERROR;
				GCC_WARN_UNDECLARED_SELECTOR = YES;
				GCC_WARN_UNINITIALIZED_AUTOS = YES_AGGRESSIVE;
				GCC_WARN_UNUSED_FUNCTION = YES;
				GCC_WARN_UNUSED_VARIABLE = YES;
				IPHONEOS_DEPLOYMENT_TARGET = 9.2;
				MTL_ENABLE_DEBUG_INFO = NO;
				SDKROOT = iphoneos;
				TARGETED_DEVICE_FAMILY = "1,2";
				VALIDATE_PRODUCT = YES;
			};
			name = Release;
		};
		ED19C9521C27D94400498C02 /* Debug */ = {
			isa = XCBuildConfiguration;
			buildSettings = {
				ASSETCATALOG_COMPILER_APPICON_NAME = AppIcon;
				INFOPLIST_FILE = TCRoundedCornerExample/Info.plist;
				LD_RUNPATH_SEARCH_PATHS = "$(inherited) @executable_path/Frameworks";
				PRODUCT_BUNDLE_IDENTIFIER = com.travelchu.TCRoundedCornerExample;
				PRODUCT_NAME = "$(TARGET_NAME)";
			};
			name = Debug;
		};
		ED19C9531C27D94400498C02 /* Release */ = {
			isa = XCBuildConfiguration;
			buildSettings = {
				ASSETCATALOG_COMPILER_APPICON_NAME = AppIcon;
				INFOPLIST_FILE = TCRoundedCornerExample/Info.plist;
				LD_RUNPATH_SEARCH_PATHS = "$(inherited) @executable_path/Frameworks";
				PRODUCT_BUNDLE_IDENTIFIER = com.travelchu.TCRoundedCornerExample;
				PRODUCT_NAME = "$(TARGET_NAME)";
			};
			name = Release;
		};
/* End XCBuildConfiguration section */

/* Begin XCConfigurationList section */
		ED19C9321C27D94400498C02 /* Build configuration list for PBXProject "TCRoundedCornerExample" */ = {
			isa = XCConfigurationList;
			buildConfigurations = (
				ED19C94F1C27D94400498C02 /* Debug */,
				ED19C9501C27D94400498C02 /* Release */,
			);
			defaultConfigurationIsVisible = 0;
			defaultConfigurationName = Release;
		};
		ED19C9511C27D94400498C02 /* Build configuration list for PBXNativeTarget "TCRoundedCornerExample" */ = {
			isa = XCConfigurationList;
			buildConfigurations = (
				ED19C9521C27D94400498C02 /* Debug */,
				ED19C9531C27D94400498C02 /* Release */,
			);
			defaultConfigurationIsVisible = 0;
			defaultConfigurationName = Release;
		};
/* End XCConfigurationList section */
	};
	rootObject = ED19C92F1C27D94400498C02 /* Project object */;
}
